
Microsoft Visual Studio Solution File, Format Version 12.00
# Visual Studio Version 16
VisualStudioVersion = 16.0.31205.134
MinimumVisualStudioVersion = 10.0.40219.1
Project("{FAE04EC0-301F-11D3-BF4B-00C04F79EFBC}") = "Database Viewer", "Database Viewer\Database Viewer.csproj", "{93C21564-43CE-40B0-A803-26E426022D99}"
EndProject
Global
	GlobalSection(SolutionConfigurationPlatforms) = preSolution
		Debug|Any CPU = Debug|Any CPU
		Release|Any CPU = Release|Any CPU
	EndGlobalSection
	GlobalSection(ProjectConfigurationPlatforms) = postSolution
		{93C21564-43CE-40B0-A803-26E426022D99}.Debug|Any CPU.ActiveCfg = Debug|Any CPU
		{93C21564-43CE-40B0-A803-26E426022D99}.Debug|Any CPU.Build.0 = Debug|Any CPU
		{93C21564-43CE-40B0-A803-26E426022D99}.Release|Any CPU.ActiveCfg = Release|Any CPU
		{93C21564-43CE-40B0-A803-26E426022D99}.Release|Any CPU.Build.0 = Release|Any CPU
	EndGlobalSection
	GlobalSection(SolutionProperties) = preSolution
		HideSolutionNode = FALSE
	EndGlobalSection
	GlobalSection(ExtensibilityGlobals) = postSolution
		SolutionGuid = {03BD2912-F22B-4886-9B59-A83C2CABFDEF}
	EndGlobalSection
EndGlobal
